
Microsoft Visual Studio Solution File, Format Version 12.00
# Visual Studio Version 16
VisualStudioVersion = 16.0.31205.134
MinimumVisualStudioVersion = 10.0.40219.1
Project("{FAE04EC0-301F-11D3-BF4B-00C04F79EFBC}") = "MatchGame", "MatchGame\MatchGame.csproj", "{2458B587-559D-4609-82EC-EEE75E11E91D}"
EndProject
Global
	GlobalSection(SolutionConfigurationPlatforms) = preSolution
		Debug|Any CPU = Debug|Any CPU
		Release|Any CPU = Release|Any CPU
	EndGlobalSection
	GlobalSection(ProjectConfigurationPlatforms) = postSolution
		{2458B587-559D-4609-82EC-EEE75E11E91D}.Debug|Any CPU.ActiveCfg = Debug|Any CPU
		{2458B587-559D-4609-82EC-EEE75E11E91D}.Debug|Any CPU.Build.0 = Debug|Any CPU
		{2458B587-559D-4609-82EC-EEE75E11E91D}.Release|Any CPU.ActiveCfg = Release|Any CPU
		{2458B587-559D-4609-82EC-EEE75E11E91D}.Release|Any CPU.Build.0 = Release|Any CPU
	EndGlobalSection
	GlobalSection(SolutionProperties) = preSolution
		HideSolutionNode = FALSE
	EndGlobalSection
	GlobalSection(ExtensibilityGlobals) = postSolution
		SolutionGuid = {CC18804A-6B51-4107-A55D-11253FC89EA3}
	EndGlobalSection
EndGlobal
